
Microsoft Visual Studio Solution File, Format Version 10.00
# Visual Studio 2008
Project("{FAE04EC0-301F-11D3-BF4B-00C04F79EFBC}") = "BookManage", "BookManage\BookManage.csproj", "{49DB7FF8-174E-4F87-B6DF-80983478AB5C}"
EndProject
Project("{FAE04EC0-301F-11D3-BF4B-00C04F79EFBC}") = "BookManage.Model", "BookManage.Model\BookManage.Model.csproj", "{100DAD2E-07C0-489A-BEB6-E5788F4B2F8E}"
EndProject
Project("{FAE04EC0-301F-11D3-BF4B-00C04F79EFBC}") = "BookManage.DAL", "BookManage.DAL\BookManage.DAL.csproj", "{C1236E7B-2C6B-469B-A2B4-3A137E6045D0}"
EndProject
Project("{FAE04EC0-301F-11D3-BF4B-00C04F79EFBC}") = "BookManage.BLL", "BookManage.BLL\BookManage.BLL.csproj", "{EC82C993-6A42-4FE4-8999-5446581CF378}"
EndProject
Global
	GlobalSection(SolutionConfigurationPlatforms) = preSolution
		Debug|Any CPU = Debug|Any CPU
		Release|Any CPU = Release|Any CPU
	EndGlobalSection
	GlobalSection(ProjectConfigurationPlatforms) = postSolution
		{49DB7FF8-174E-4F87-B6DF-80983478AB5C}.Debug|Any CPU.ActiveCfg = Debug|Any CPU
		{49DB7FF8-174E-4F87-B6DF-80983478AB5C}.Debug|Any CPU.Build.0 = Debug|Any CPU
		{49DB7FF8-174E-4F87-B6DF-80983478AB5C}.Release|Any CPU.ActiveCfg = Release|Any CPU
		{49DB7FF8-174E-4F87-B6DF-80983478AB5C}.Release|Any CPU.Build.0 = Release|Any CPU
		{100DAD2E-07C0-489A-BEB6-E5788F4B2F8E}.Debug|Any CPU.ActiveCfg = Debug|Any CPU
		{100DAD2E-07C0-489A-BEB6-E5788F4B2F8E}.Debug|Any CPU.Build.0 = Debug|Any CPU
		{100DAD2E-07C0-489A-BEB6-E5788F4B2F8E}.Release|Any CPU.ActiveCfg = Release|Any CPU
		{100DAD2E-07C0-489A-BEB6-E5788F4B2F8E}.Release|Any CPU.Build.0 = Release|Any CPU
		{C1236E7B-2C6B-469B-A2B4-3A137E6045D0}.Debug|Any CPU.ActiveCfg = Debug|Any CPU
		{C1236E7B-2C6B-469B-A2B4-3A137E6045D0}.Debug|Any CPU.Build.0 = Debug|Any CPU
		{C1236E7B-2C6B-469B-A2B4-3A137E6045D0}.Release|Any CPU.ActiveCfg = Release|Any CPU
		{C1236E7B-2C6B-469B-A2B4-3A137E6045D0}.Release|Any CPU.Build.0 = Release|Any CPU
		{EC82C993-6A42-4FE4-8999-5446581CF378}.Debug|Any CPU.ActiveCfg = Debug|Any CPU
		{EC82C993-6A42-4FE4-8999-5446581CF378}.Debug|Any CPU.Build.0 = Debug|Any CPU
		{EC82C993-6A42-4FE4-8999-5446581CF378}.Release|Any CPU.ActiveCfg = Release|Any CPU
		{EC82C993-6A42-4FE4-8999-5446581CF378}.Release|Any CPU.Build.0 = Release|Any CPU
	EndGlobalSection
	GlobalSection(SolutionProperties) = preSolution
		HideSolutionNode = FALSE
	EndGlobalSection
EndGlobal
